// !$*UTF8*$!
{
	archiveVersion = 1;
	classes = {
	};
	objectVersion = 77;
	objects = {

/* Begin PBXBuildFile section */
		44B57D9A2E90E0890097FC5B /* background in Resources */ = {isa = PBXBuildFile; fileRef = 44B57D952E90E0890097FC5B /* background */; };
		44B57D9B2E90E0890097FC5B /* icons in Resources */ = {isa = PBXBuildFile; fileRef = 44B57D962E90E0890097FC5B /* icons */; };
		44B57D9C2E90E0890097FC5B /* options in Resources */ = {isa = PBXBuildFile; fileRef = 44B57D972E90E0890097FC5B /* options */; };
		44B57D9D2E90E0890097FC5B /* manifest.json in Resources */ = {isa = PBXBuildFile; fileRef = 44B57D982E90E0890097FC5B /* manifest.json */; };
		44B57D9E2E90E0890097FC5B /* popup in Resources */ = {isa = PBXBuildFile; fileRef = 44B57D992E90E0890097FC5B /* popup */; };
		44B57DA42E90E0950097FC5B /* popup in Resources */ = {isa = PBXBuildFile; fileRef = 44B57D9F2E90E0950097FC5B /* popup */; };
		44B57DA52E90E0950097FC5B /* options in Resources */ = {isa = PBXBuildFile; fileRef = 44B57DA02E90E0950097FC5B /* options */; };
		44B57DA62E90E0950097FC5B /* manifest.json in Resources */ = {isa = PBXBuildFile; fileRef = 44B57DA12E90E0950097FC5B /* manifest.json */; };
		44B57DA72E90E0950097FC5B /* background in Resources */ = {isa = PBXBuildFile; fileRef = 44B57DA22E90E0950097FC5B /* background */; };
		44B57DA82E90E0950097FC5B /* icons in Resources */ = {isa = PBXBuildFile; fileRef = 44B57DA32E90E0950097FC5B /* icons */; };
		44D824A32E90DF5F00F32F4F /* AppDelegate.swift in Sources */ = {isa = PBXBuildFile; fileRef = 44D824A22E90DF5F00F32F4F /* AppDelegate.swift */; };
		44D824A52E90DF5F00F32F4F /* SceneDelegate.swift in Sources */ = {isa = PBXBuildFile; fileRef = 44D824A42E90DF5F00F32F4F /* SceneDelegate.swift */; };
		44D824A82E90DF5F00F32F4F /* LaunchScreen.storyboard in Resources */ = {isa = PBXBuildFile; fileRef = 44D824A62E90DF5F00F32F4F /* LaunchScreen.storyboard */; };
		44D824AB2E90DF5F00F32F4F /* Main.storyboard in Resources */ = {isa = PBXBuildFile; fileRef = 44D824A92E90DF5F00F32F4F /* Main.storyboard */; };
		44D824B42E90DF5F00F32F4F /* AppDelegate.swift in Sources */ = {isa = PBXBuildFile; fileRef = 44D824B32E90DF5F00F32F4F /* AppDelegate.swift */; };
		44D824B72E90DF5F00F32F4F /* Main.storyboard in Resources */ = {isa = PBXBuildFile; fileRef = 44D824B52E90DF5F00F32F4F /* Main.storyboard */; };
		44D824BE2E90DF5F00F32F4F /* Abracademic Extension.appex in Embed Foundation Extensions */ = {isa = PBXBuildFile; fileRef = 44D824BD2E90DF5F00F32F4F /* Abracademic Extension.appex */; settings = {ATTRIBUTES = (RemoveHeadersOnCopy, ); }; };
		44D824C82E90DF5F00F32F4F /* Abracademic Extension.appex in Embed Foundation Extensions */ = {isa = PBXBuildFile; fileRef = 44D824C72E90DF5F00F32F4F /* Abracademic Extension.appex */; settings = {ATTRIBUTES = (RemoveHeadersOnCopy, ); }; };
		44D824CD2E90DF5F00F32F4F /* Main.html in Resources */ = {isa = PBXBuildFile; fileRef = 44D824922E90DF5F00F32F4F /* Main.html */; };
		44D824CE2E90DF5F00F32F4F /* Main.html in Resources */ = {isa = PBXBuildFile; fileRef = 44D824922E90DF5F00F32F4F /* Main.html */; };
		44D824CF2E90DF5F00F32F4F /* Icon.png in Resources */ = {isa = PBXBuildFile; fileRef = 44D824942E90DF5F00F32F4F /* Icon.png */; };
		44D824D02E90DF5F00F32F4F /* Icon.png in Resources */ = {isa = PBXBuildFile; fileRef = 44D824942E90DF5F00F32F4F /* Icon.png */; };
		44D824D12E90DF5F00F32F4F /* Style.css in Resources */ = {isa = PBXBuildFile; fileRef = 44D824952E90DF5F00F32F4F /* Style.css */; };
		44D824D22E90DF5F00F32F4F /* Style.css in Resources */ = {isa = PBXBuildFile; fileRef = 44D824952E90DF5F00F32F4F /* Style.css */; };
		44D824D32E90DF5F00F32F4F /* Script.js in Resources */ = {isa = PBXBuildFile; fileRef = 44D824962E90DF5F00F32F4F /* Script.js */; };
		44D824D42E90DF5F00F32F4F /* Script.js in Resources */ = {isa = PBXBuildFile; fileRef = 44D824962E90DF5F00F32F4F /* Script.js */; };
		44D824D52E90DF5F00F32F4F /* ViewController.swift in Sources */ = {isa = PBXBuildFile; fileRef = 44D824972E90DF5F00F32F4F /* ViewController.swift */; };
		44D824D62E90DF5F00F32F4F /* ViewController.swift in Sources */ = {isa = PBXBuildFile; fileRef = 44D824972E90DF5F00F32F4F /* ViewController.swift */; };
		44D824D72E90DF5F00F32F4F /* Assets.xcassets in Resources */ = {isa = PBXBuildFile; fileRef = 44D824982E90DF5F00F32F4F /* Assets.xcassets */; };
		44D824D82E90DF5F00F32F4F /* Assets.xcassets in Resources */ = {isa = PBXBuildFile; fileRef = 44D824982E90DF5F00F32F4F /* Assets.xcassets */; };
		44D824D92E90DF5F00F32F4F /* SafariWebExtensionHandler.swift in Sources */ = {isa = PBXBuildFile; fileRef = 44D8249A2E90DF5F00F32F4F /* SafariWebExtensionHandler.swift */; };
		44D824DA2E90DF5F00F32F4F /* SafariWebExtensionHandler.swift in Sources */ = {isa = PBXBuildFile; fileRef = 44D8249A2E90DF5F00F32F4F /* SafariWebExtensionHandler.swift */; };
/* End PBXBuildFile section */

/* Begin PBXContainerItemProxy section */
		44D824BF2E90DF5F00F32F4F /* PBXContainerItemProxy */ = {
			isa = PBXContainerItemProxy;
			containerPortal = 44D8248C2E90DF5F00F32F4F /* Project object */;
			proxyType = 1;
			remoteGlobalIDString = 44D824BC2E90DF5F00F32F4F;
			remoteInfo = "Abracademic Extension (iOS)";
		};
		44D824C92E90DF5F00F32F4F /* PBXContainerItemProxy */ = {
			isa = PBXContainerItemProxy;
			containerPortal = 44D8248C2E90DF5F00F32F4F /* Project object */;
			proxyType = 1;
			remoteGlobalIDString = 44D824C62E90DF5F00F32F4F;
			remoteInfo = "Abracademic Extension (macOS)";
		};
/* End PBXContainerItemProxy section */

/* Begin PBXCopyFilesBuildPhase section */
		44D824E02E90DF5F00F32F4F /* Embed Foundation Extensions */ = {
			isa = PBXCopyFilesBuildPhase;
			buildActionMask = 2147483647;
			dstPath = "";
			dstSubfolderSpec = 13;
			files = (
				44D824BE2E90DF5F00F32F4F /* Abracademic Extension.appex in Embed Foundation Extensions */,
			);
			name = "Embed Foundation Extensions";
			runOnlyForDeploymentPostprocessing = 0;
		};
		44D824E72E90DF5F00F32F4F /* Embed Foundation Extensions */ = {
			isa = PBXCopyFilesBuildPhase;
			buildActionMask = 2147483647;
			dstPath = "";
			dstSubfolderSpec = 13;
			files = (
				44D824C82E90DF5F00F32F4F /* Abracademic Extension.appex in Embed Foundation Extensions */,
			);
			name = "Embed Foundation Extensions";
			runOnlyForDeploymentPostprocessing = 0;
		};
/* End PBXCopyFilesBuildPhase section */

/* Begin PBXFileReference section */
		44B57D952E90E0890097FC5B /* background */ = {isa = PBXFileReference; lastKnownFileType = folder; name = background; path = ../../dist/safari/background; sourceTree = "<group>"; };
		44B57D962E90E0890097FC5B /* icons */ = {isa = PBXFileReference; lastKnownFileType = folder; name = icons; path = ../../dist/safari/icons; sourceTree = "<group>"; };
		44B57D972E90E0890097FC5B /* options */ = {isa = PBXFileReference; lastKnownFileType = folder; name = options; path = ../../dist/safari/options; sourceTree = "<group>"; };
		44B57D982E90E0890097FC5B /* manifest.json */ = {isa = PBXFileReference; lastKnownFileType = text.json; name = manifest.json; path = ../../dist/safari/manifest.json; sourceTree = "<group>"; };
		44B57D992E90E0890097FC5B /* popup */ = {isa = PBXFileReference; lastKnownFileType = folder; name = popup; path = ../../dist/safari/popup; sourceTree = "<group>"; };
		44B57D9F2E90E0950097FC5B /* popup */ = {isa = PBXFileReference; lastKnownFileType = folder; name = popup; path = ../../dist/safari/popup; sourceTree = "<group>"; };
		44B57DA02E90E0950097FC5B /* options */ = {isa = PBXFileReference; lastKnownFileType = folder; name = options; path = ../../dist/safari/options; sourceTree = "<group>"; };
		44B57DA12E90E0950097FC5B /* manifest.json */ = {isa = PBXFileReference; lastKnownFileType = text.json; name = manifest.json; path = ../../dist/safari/manifest.json; sourceTree = "<group>"; };
		44B57DA22E90E0950097FC5B /* background */ = {isa = PBXFileReference; lastKnownFileType = folder; name = background; path = ../../dist/safari/background; sourceTree = "<group>"; };
		44B57DA32E90E0950097FC5B /* icons */ = {isa = PBXFileReference; lastKnownFileType = folder; name = icons; path = ../../dist/safari/icons; sourceTree = "<group>"; };
		44B57DAC2E910D510097FC5B /* Abracademic (iOS).entitlements */ = {isa = PBXFileReference; lastKnownFileType = text.plist.entitlements; path = "Abracademic (iOS).entitlements"; sourceTree = "<group>"; };
		44B57DAD2E910D700097FC5B /* Abracademic (macOS).entitlements */ = {isa = PBXFileReference; lastKnownFileType = text.plist.entitlements; path = "Abracademic (macOS).entitlements"; sourceTree = "<group>"; };
		44B57DAE2E910D840097FC5B /* Abracademic Extension (iOS).entitlements */ = {isa = PBXFileReference; lastKnownFileType = text.plist.entitlements; path = "Abracademic Extension (iOS).entitlements"; sourceTree = "<group>"; };
		44B57DAF2E910D930097FC5B /* Abracademic Extension (macOS).entitlements */ = {isa = PBXFileReference; lastKnownFileType = text.plist.entitlements; path = "Abracademic Extension (macOS).entitlements"; sourceTree = "<group>"; };
		44D824932E90DF5F00F32F4F /* Base */ = {isa = PBXFileReference; lastKnownFileType = text.html; name = Base; path = Base.lproj/Main.html; sourceTree = "<group>"; };
		44D824942E90DF5F00F32F4F /* Icon.png */ = {isa = PBXFileReference; lastKnownFileType = image.png; path = Icon.png; sourceTree = "<group>"; };
		44D824952E90DF5F00F32F4F /* Style.css */ = {isa = PBXFileReference; lastKnownFileType = text.css; path = Style.css; sourceTree = "<group>"; };
		44D824962E90DF5F00F32F4F /* Script.js */ = {isa = PBXFileReference; lastKnownFileType = sourcecode.javascript; path = Script.js; sourceTree = "<group>"; };
		44D824972E90DF5F00F32F4F /* ViewController.swift */ = {isa = PBXFileReference; lastKnownFileType = sourcecode.swift; path = ViewController.swift; sourceTree = "<group>"; };
		44D824982E90DF5F00F32F4F /* Assets.xcassets */ = {isa = PBXFileReference; lastKnownFileType = folder.assetcatalog; path = Assets.xcassets; sourceTree = "<group>"; };
		44D8249A2E90DF5F00F32F4F /* SafariWebExtensionHandler.swift */ = {isa = PBXFileReference; lastKnownFileType = sourcecode.swift; path = SafariWebExtensionHandler.swift; sourceTree = "<group>"; };
		44D8249F2E90DF5F00F32F4F /* Abracademic.app */ = {isa = PBXFileReference; explicitFileType = wrapper.application; includeInIndex = 0; path = Abracademic.app; sourceTree = BUILT_PRODUCTS_DIR; };
		44D824A22E90DF5F00F32F4F /* AppDelegate.swift */ = {isa = PBXFileReference; lastKnownFileType = sourcecode.swift; path = AppDelegate.swift; sourceTree = "<group>"; };
		44D824A42E90DF5F00F32F4F /* SceneDelegate.swift */ = {isa = PBXFileReference; lastKnownFileType = sourcecode.swift; path = SceneDelegate.swift; sourceTree = "<group>"; };
		44D824A72E90DF5F00F32F4F /* Base */ = {isa = PBXFileReference; lastKnownFileType = file.storyboard; name = Base; path = Base.lproj/LaunchScreen.storyboard; sourceTree = "<group>"; };
		44D824AA2E90DF5F00F32F4F /* Base */ = {isa = PBXFileReference; lastKnownFileType = file.storyboard; name = Base; path = Base.lproj/Main.storyboard; sourceTree = "<group>"; };
		44D824AC2E90DF5F00F32F4F /* Info.plist */ = {isa = PBXFileReference; lastKnownFileType = text.plist.xml; path = Info.plist; sourceTree = "<group>"; };
		44D824B12E90DF5F00F32F4F /* Abracademic.app */ = {isa = PBXFileReference; explicitFileType = wrapper.application; includeInIndex = 0; path = Abracademic.app; sourceTree = BUILT_PRODUCTS_DIR; };
		44D824B32E90DF5F00F32F4F /* AppDelegate.swift */ = {isa = PBXFileReference; lastKnownFileType = sourcecode.swift; path = AppDelegate.swift; sourceTree = "<group>"; };
		44D824B62E90DF5F00F32F4F /* Base */ = {isa = PBXFileReference; lastKnownFileType = file.storyboard; name = Base; path = Base.lproj/Main.storyboard; sourceTree = "<group>"; };
		44D824B82E90DF5F00F32F4F /* Info.plist */ = {isa = PBXFileReference; lastKnownFileType = text.plist.xml; path = Info.plist; sourceTree = "<group>"; };
		44D824BD2E90DF5F00F32F4F /* Abracademic Extension.appex */ = {isa = PBXFileReference; explicitFileType = "wrapper.app-extension"; includeInIndex = 0; path = "Abracademic Extension.appex"; sourceTree = BUILT_PRODUCTS_DIR; };
		44D824C22E90DF5F00F32F4F /* Info.plist */ = {isa = PBXFileReference; lastKnownFileType = text.plist.xml; path = Info.plist; sourceTree = "<group>"; };
		44D824C72E90DF5F00F32F4F /* Abracademic Extension.appex */ = {isa = PBXFileReference; explicitFileType = "wrapper.app-extension"; includeInIndex = 0; path = "Abracademic Extension.appex"; sourceTree = BUILT_PRODUCTS_DIR; };
		44D824CC2E90DF5F00F32F4F /* Info.plist */ = {isa = PBXFileReference; lastKnownFileType = text.plist.xml; path = Info.plist; sourceTree = "<group>"; };
		44D824EC2E90DF5F00F32F4F /* background */ = {isa = PBXFileReference; lastKnownFileType = folder; name = background; path = ../../../dist/safari/background; sourceTree = "<group>"; };
		44D824ED2E90DF5F00F32F4F /* options */ = {isa = PBXFileReference; lastKnownFileType = folder; name = options; path = ../../../dist/safari/options; sourceTree = "<group>"; };
		44D824EE2E90DF5F00F32F4F /* popup */ = {isa = PBXFileReference; lastKnownFileType = folder; name = popup; path = ../../../dist/safari/popup; sourceTree = "<group>"; };
		44D824EF2E90DF5F00F32F4F /* icons */ = {isa = PBXFileReference; lastKnownFileType = folder; name = icons; path = ../../../dist/safari/icons; sourceTree = "<group>"; };
		44D824F02E90DF5F00F32F4F /* manifest.json */ = {isa = PBXFileReference; lastKnownFileType = text.json; name = manifest.json; path = ../../../dist/safari/manifest.json; sourceTree = "<group>"; };
/* End PBXFileReference section */

/* Begin PBXFrameworksBuildPhase section */
		44D8249C2E90DF5F00F32F4F /* Frameworks */ = {
			isa = PBXFrameworksBuildPhase;
			buildActionMask = 2147483647;
			files = (
			);
			runOnlyForDeploymentPostprocessing = 0;
		};
		44D824AE2E90DF5F00F32F4F /* Frameworks */ = {
			isa = PBXFrameworksBuildPhase;
			buildActionMask = 2147483647;
			files = (
			);
			runOnlyForDeploymentPostprocessing = 0;
		};
		44D824BA2E90DF5F00F32F4F /* Frameworks */ = {
			isa = PBXFrameworksBuildPhase;
			buildActionMask = 2147483647;
			files = (
			);
			runOnlyForDeploymentPostprocessing = 0;
		};
		44D824C42E90DF5F00F32F4F /* Frameworks */ = {
			isa = PBXFrameworksBuildPhase;
			buildActionMask = 2147483647;
			files = (
			);
			runOnlyForDeploymentPostprocessing = 0;
		};
/* End PBXFrameworksBuildPhase section */

/* Begin PBXGroup section */
		44D8248B2E90DF5F00F32F4F = {
			isa = PBXGroup;
			children = (
				44B57DAF2E910D930097FC5B /* Abracademic Extension (macOS).entitlements */,
				44B57DAE2E910D840097FC5B /* Abracademic Extension (iOS).entitlements */,
				44B57DAD2E910D700097FC5B /* Abracademic (macOS).entitlements */,
				44B57DAC2E910D510097FC5B /* Abracademic (iOS).entitlements */,
				44B57D952E90E0890097FC5B /* background */,
				44B57D962E90E0890097FC5B /* icons */,
				44B57DA22E90E0950097FC5B /* background */,
				44B57DA32E90E0950097FC5B /* icons */,
				44B57D982E90E0890097FC5B /* manifest.json */,
				44B57DA12E90E0950097FC5B /* manifest.json */,
				44B57D972E90E0890097FC5B /* options */,
				44B57DA02E90E0950097FC5B /* options */,
				44B57D992E90E0890097FC5B /* popup */,
				44B57D9F2E90E0950097FC5B /* popup */,
				44D824902E90DF5F00F32F4F /* Shared (App) */,
				44D824992E90DF5F00F32F4F /* Shared (Extension) */,
				44D824A12E90DF5F00F32F4F /* iOS (App) */,
				44D824B22E90DF5F00F32F4F /* macOS (App) */,
				44D824C12E90DF5F00F32F4F /* iOS (Extension) */,
				44D824CB2E90DF5F00F32F4F /* macOS (Extension) */,
				44D824A02E90DF5F00F32F4F /* Products */,
			);
			sourceTree = "<group>";
		};
		44D824902E90DF5F00F32F4F /* Shared (App) */ = {
			isa = PBXGroup;
			children = (
				44D824972E90DF5F00F32F4F /* ViewController.swift */,
				44D824982E90DF5F00F32F4F /* Assets.xcassets */,
				44D824912E90DF5F00F32F4F /* Resources */,
			);
			path = "Shared (App)";
			sourceTree = "<group>";
		};
		44D824912E90DF5F00F32F4F /* Resources */ = {
			isa = PBXGroup;
			children = (
				44D824922E90DF5F00F32F4F /* Main.html */,
				44D824942E90DF5F00F32F4F /* Icon.png */,
				44D824952E90DF5F00F32F4F /* Style.css */,
				44D824962E90DF5F00F32F4F /* Script.js */,
			);
			path = Resources;
			sourceTree = "<group>";
		};
		44D824992E90DF5F00F32F4F /* Shared (Extension) */ = {
			isa = PBXGroup;
			children = (
				44D824EB2E90DF5F00F32F4F /* Resources */,
				44D8249A2E90DF5F00F32F4F /* SafariWebExtensionHandler.swift */,
			);
			path = "Shared (Extension)";
			sourceTree = "<group>";
		};
		44D824A02E90DF5F00F32F4F /* Products */ = {
			isa = PBXGroup;
			children = (
				44D8249F2E90DF5F00F32F4F /* Abracademic.app */,
				44D824B12E90DF5F00F32F4F /* Abracademic.app */,
				44D824BD2E90DF5F00F32F4F /* Abracademic Extension.appex */,
				44D824C72E90DF5F00F32F4F /* Abracademic Extension.appex */,
			);
			name = Products;
			sourceTree = "<group>";
		};
		44D824A12E90DF5F00F32F4F /* iOS (App) */ = {
			isa = PBXGroup;
			children = (
				44D824A22E90DF5F00F32F4F /* AppDelegate.swift */,
				44D824A42E90DF5F00F32F4F /* SceneDelegate.swift */,
				44D824A62E90DF5F00F32F4F /* LaunchScreen.storyboard */,
				44D824A92E90DF5F00F32F4F /* Main.storyboard */,
				44D824AC2E90DF5F00F32F4F /* Info.plist */,
			);
			path = "iOS (App)";
			sourceTree = "<group>";
		};
		44D824B22E90DF5F00F32F4F /* macOS (App) */ = {
			isa = PBXGroup;
			children = (
				44D824B32E90DF5F00F32F4F /* AppDelegate.swift */,
				44D824B52E90DF5F00F32F4F /* Main.storyboard */,
				44D824B82E90DF5F00F32F4F /* Info.plist */,
			);
			path = "macOS (App)";
			sourceTree = "<group>";
		};
		44D824C12E90DF5F00F32F4F /* iOS (Extension) */ = {
			isa = PBXGroup;
			children = (
				44D824C22E90DF5F00F32F4F /* Info.plist */,
			);
			path = "iOS (Extension)";
			sourceTree = "<group>";
		};
		44D824CB2E90DF5F00F32F4F /* macOS (Extension) */ = {
			isa = PBXGroup;
			children = (
				44D824CC2E90DF5F00F32F4F /* Info.plist */,
			);
			path = "macOS (Extension)";
			sourceTree = "<group>";
		};
		44D824EB2E90DF5F00F32F4F /* Resources */ = {
			isa = PBXGroup;
			children = (
				44D824EC2E90DF5F00F32F4F /* background */,
				44D824ED2E90DF5F00F32F4F /* options */,
				44D824EE2E90DF5F00F32F4F /* popup */,
				44D824EF2E90DF5F00F32F4F /* icons */,
				44D824F02E90DF5F00F32F4F /* manifest.json */,
			);
			name = Resources;
			path = "Shared (Extension)";
			sourceTree = SOURCE_ROOT;
		};
/* End PBXGroup section */

/* Begin PBXNativeTarget section */
		44D8249E2E90DF5F00F32F4F /* Abracademic (iOS) */ = {
			isa = PBXNativeTarget;
			buildConfigurationList = 44D824E12E90DF5F00F32F4F /* Build configuration list for PBXNativeTarget "Abracademic (iOS)" */;
			buildPhases = (
				44D8249B2E90DF5F00F32F4F /* Sources */,
				44D8249C2E90DF5F00F32F4F /* Frameworks */,
				44D8249D2E90DF5F00F32F4F /* Resources */,
				44D824E02E90DF5F00F32F4F /* Embed Foundation Extensions */,
			);
			buildRules = (
			);
			dependencies = (
				44D824C02E90DF5F00F32F4F /* PBXTargetDependency */,
			);
			name = "Abracademic (iOS)";
			packageProductDependencies = (
			);
			productName = "Abracademic (iOS)";
			productReference = 44D8249F2E90DF5F00F32F4F /* Abracademic.app */;
			productType = "com.apple.product-type.application";
		};
		44D824B02E90DF5F00F32F4F /* Abracademic (macOS) */ = {
			isa = PBXNativeTarget;
			buildConfigurationList = 44D824E82E90DF5F00F32F4F /* Build configuration list for PBXNativeTarget "Abracademic (macOS)" */;
			buildPhases = (
				44D824AD2E90DF5F00F32F4F /* Sources */,
				44D824AE2E90DF5F00F32F4F /* Frameworks */,
				44D824AF2E90DF5F00F32F4F /* Resources */,
				44D824E72E90DF5F00F32F4F /* Embed Foundation Extensions */,
			);
			buildRules = (
			);
			dependencies = (
				44D824CA2E90DF5F00F32F4F /* PBXTargetDependency */,
			);
			name = "Abracademic (macOS)";
			packageProductDependencies = (
			);
			productName = "Abracademic (macOS)";
			productReference = 44D824B12E90DF5F00F32F4F /* Abracademic.app */;
			productType = "com.apple.product-type.application";
		};
		44D824BC2E90DF5F00F32F4F /* Abracademic Extension (iOS) */ = {
			isa = PBXNativeTarget;
			buildConfigurationList = 44D824DD2E90DF5F00F32F4F /* Build configuration list for PBXNativeTarget "Abracademic Extension (iOS)" */;
			buildPhases = (
				44D824B92E90DF5F00F32F4F /* Sources */,
				44D824BA2E90DF5F00F32F4F /* Frameworks */,
				44D824BB2E90DF5F00F32F4F /* Resources */,
			);
			buildRules = (
			);
			dependencies = (
			);
			name = "Abracademic Extension (iOS)";
			packageProductDependencies = (
			);
			productName = "Abracademic Extension (iOS)";
			productReference = 44D824BD2E90DF5F00F32F4F /* Abracademic Extension.appex */;
			productType = "com.apple.product-type.app-extension";
		};
		44D824C62E90DF5F00F32F4F /* Abracademic Extension (macOS) */ = {
			isa = PBXNativeTarget;
			buildConfigurationList = 44D824E42E90DF5F00F32F4F /* Build configuration list for PBXNativeTarget "Abracademic Extension (macOS)" */;
			buildPhases = (
				44D824C32E90DF5F00F32F4F /* Sources */,
				44D824C42E90DF5F00F32F4F /* Frameworks */,
				44D824C52E90DF5F00F32F4F /* Resources */,
			);
			buildRules = (
			);
			dependencies = (
			);
			name = "Abracademic Extension (macOS)";
			packageProductDependencies = (
			);
			productName = "Abracademic Extension (macOS)";
			productReference = 44D824C72E90DF5F00F32F4F /* Abracademic Extension.appex */;
			productType = "com.apple.product-type.app-extension";
		};
/* End PBXNativeTarget section */

/* Begin PBXProject section */
		44D8248C2E90DF5F00F32F4F /* Project object */ = {
			isa = PBXProject;
			attributes = {
				BuildIndependentTargetsInParallel = 1;
				LastSwiftUpdateCheck = 2600;
				LastUpgradeCheck = 2600;
				TargetAttributes = {
					44D8249E2E90DF5F00F32F4F = {
						CreatedOnToolsVersion = 26.0.1;
					};
					44D824B02E90DF5F00F32F4F = {
						CreatedOnToolsVersion = 26.0.1;
					};
					44D824BC2E90DF5F00F32F4F = {
						CreatedOnToolsVersion = 26.0.1;
					};
					44D824C62E90DF5F00F32F4F = {
						CreatedOnToolsVersion = 26.0.1;
					};
				};
			};
			buildConfigurationList = 44D8248F2E90DF5F00F32F4F /* Build configuration list for PBXProject "Abracademic" */;
			developmentRegion = en;
			hasScannedForEncodings = 0;
			knownRegions = (
				en,
				Base,
			);
			mainGroup = 44D8248B2E90DF5F00F32F4F;
			minimizedProjectReferenceProxies = 1;
			preferredProjectObjectVersion = 77;
			productRefGroup = 44D824A02E90DF5F00F32F4F /* Products */;
			projectDirPath = "";
			projectRoot = "";
			targets = (
				44D8249E2E90DF5F00F32F4F /* Abracademic (iOS) */,
				44D824B02E90DF5F00F32F4F /* Abracademic (macOS) */,
				44D824BC2E90DF5F00F32F4F /* Abracademic Extension (iOS) */,
				44D824C62E90DF5F00F32F4F /* Abracademic Extension (macOS) */,
			);
		};
/* End PBXProject section */

/* Begin PBXResourcesBuildPhase section */
		44D8249D2E90DF5F00F32F4F /* Resources */ = {
			isa = PBXResourcesBuildPhase;
			buildActionMask = 2147483647;
			files = (
				44D824CF2E90DF5F00F32F4F /* Icon.png in Resources */,
				44D824A82E90DF5F00F32F4F /* LaunchScreen.storyboard in Resources */,
				44D824CD2E90DF5F00F32F4F /* Main.html in Resources */,
				44D824D32E90DF5F00F32F4F /* Script.js in Resources */,
				44D824D72E90DF5F00F32F4F /* Assets.xcassets in Resources */,
				44D824AB2E90DF5F00F32F4F /* Main.storyboard in Resources */,
				44D824D12E90DF5F00F32F4F /* Style.css in Resources */,
			);
			runOnlyForDeploymentPostprocessing = 0;
		};
		44D824AF2E90DF5F00F32F4F /* Resources */ = {
			isa = PBXResourcesBuildPhase;
			buildActionMask = 2147483647;
			files = (
				44D824D02E90DF5F00F32F4F /* Icon.png in Resources */,
				44D824D22E90DF5F00F32F4F /* Style.css in Resources */,
				44D824B72E90DF5F00F32F4F /* Main.storyboard in Resources */,
				44D824D42E90DF5F00F32F4F /* Script.js in Resources */,
				44D824D82E90DF5F00F32F4F /* Assets.xcassets in Resources */,
				44D824CE2E90DF5F00F32F4F /* Main.html in Resources */,
			);
			runOnlyForDeploymentPostprocessing = 0;
		};
		44D824BB2E90DF5F00F32F4F /* Resources */ = {
			isa = PBXResourcesBuildPhase;
			buildActionMask = 2147483647;
			files = (
				44B57D9A2E90E0890097FC5B /* background in Resources */,
				44B57D9B2E90E0890097FC5B /* icons in Resources */,
				44B57D9C2E90E0890097FC5B /* options in Resources */,
				44B57D9D2E90E0890097FC5B /* manifest.json in Resources */,
				44B57D9E2E90E0890097FC5B /* popup in Resources */,
			);
			runOnlyForDeploymentPostprocessing = 0;
		};
		44D824C52E90DF5F00F32F4F /* Resources */ = {
			isa = PBXResourcesBuildPhase;
			buildActionMask = 2147483647;
			files = (
				44B57DA42E90E0950097FC5B /* popup in Resources */,
				44B57DA52E90E0950097FC5B /* options in Resources */,
				44B57DA62E90E0950097FC5B /* manifest.json in Resources */,
				44B57DA72E90E0950097FC5B /* background in Resources */,
				44B57DA82E90E0950097FC5B /* icons in Resources */,
			);
			runOnlyForDeploymentPostprocessing = 0;
		};
/* End PBXResourcesBuildPhase section */

/* Begin PBXSourcesBuildPhase section */
		44D8249B2E90DF5F00F32F4F /* Sources */ = {
			isa = PBXSourcesBuildPhase;
			buildActionMask = 2147483647;
			files = (
				44D824D52E90DF5F00F32F4F /* ViewController.swift in Sources */,
				44D824A32E90DF5F00F32F4F /* AppDelegate.swift in Sources */,
				44D824A52E90DF5F00F32F4F /* SceneDelegate.swift in Sources */,
			);
			runOnlyForDeploymentPostprocessing = 0;
		};
		44D824AD2E90DF5F00F32F4F /* Sources */ = {
			isa = PBXSourcesBuildPhase;
			buildActionMask = 2147483647;
			files = (
				44D824D62E90DF5F00F32F4F /* ViewController.swift in Sources */,
				44D824B42E90DF5F00F32F4F /* AppDelegate.swift in Sources */,
			);
			runOnlyForDeploymentPostprocessing = 0;
		};
		44D824B92E90DF5F00F32F4F /* Sources */ = {
			isa = PBXSourcesBuildPhase;
			buildActionMask = 2147483647;
			files = (
				44D824D92E90DF5F00F32F4F /* SafariWebExtensionHandler.swift in Sources */,
			);
			runOnlyForDeploymentPostprocessing = 0;
		};
		44D824C32E90DF5F00F32F4F /* Sources */ = {
			isa = PBXSourcesBuildPhase;
			buildActionMask = 2147483647;
			files = (
				44D824DA2E90DF5F00F32F4F /* SafariWebExtensionHandler.swift in Sources */,
			);
			runOnlyForDeploymentPostprocessing = 0;
		};
/* End PBXSourcesBuildPhase section */

/* Begin PBXTargetDependency section */
		44D824C02E90DF5F00F32F4F /* PBXTargetDependency */ = {
			isa = PBXTargetDependency;
			target = 44D824BC2E90DF5F00F32F4F /* Abracademic Extension (iOS) */;
			targetProxy = 44D824BF2E90DF5F00F32F4F /* PBXContainerItemProxy */;
		};
		44D824CA2E90DF5F00F32F4F /* PBXTargetDependency */ = {
			isa = PBXTargetDependency;
			target = 44D824C62E90DF5F00F32F4F /* Abracademic Extension (macOS) */;
			targetProxy = 44D824C92E90DF5F00F32F4F /* PBXContainerItemProxy */;
		};
/* End PBXTargetDependency section */

/* Begin PBXVariantGroup section */
		44D824922E90DF5F00F32F4F /* Main.html */ = {
			isa = PBXVariantGroup;
			children = (
				44D824932E90DF5F00F32F4F /* Base */,
			);
			name = Main.html;
			sourceTree = "<group>";
		};
		44D824A62E90DF5F00F32F4F /* LaunchScreen.storyboard */ = {
			isa = PBXVariantGroup;
			children = (
				44D824A72E90DF5F00F32F4F /* Base */,
			);
			name = LaunchScreen.storyboard;
			sourceTree = "<group>";
		};
		44D824A92E90DF5F00F32F4F /* Main.storyboard */ = {
			isa = PBXVariantGroup;
			children = (
				44D824AA2E90DF5F00F32F4F /* Base */,
			);
			name = Main.storyboard;
			sourceTree = "<group>";
		};
		44D824B52E90DF5F00F32F4F /* Main.storyboard */ = {
			isa = PBXVariantGroup;
			children = (
				44D824B62E90DF5F00F32F4F /* Base */,
			);
			name = Main.storyboard;
			sourceTree = "<group>";
		};
/* End PBXVariantGroup section */

/* Begin XCBuildConfiguration section */
		44D824DB2E90DF5F00F32F4F /* Debug */ = {
			isa = XCBuildConfiguration;
			buildSettings = {
				ALWAYS_SEARCH_USER_PATHS = NO;
				ASSETCATALOG_COMPILER_GENERATE_SWIFT_ASSET_SYMBOL_EXTENSIONS = YES;
				CLANG_ANALYZER_NONNULL = YES;
				CLANG_ANALYZER_NUMBER_OBJECT_CONVERSION = YES_AGGRESSIVE;
				CLANG_CXX_LANGUAGE_STANDARD = "gnu++20";
				CLANG_ENABLE_MODULES = YES;
				CLANG_ENABLE_OBJC_ARC = YES;
				CLANG_ENABLE_OBJC_WEAK = YES;
				CLANG_WARN_BLOCK_CAPTURE_AUTORELEASING = YES;
				CLANG_WARN_BOOL_CONVERSION = YES;
				CLANG_WARN_COMMA = YES;
				CLANG_WARN_CONSTANT_CONVERSION = YES;
				CLANG_WARN_DEPRECATED_OBJC_IMPLEMENTATIONS = YES;
				CLANG_WARN_DIRECT_OBJC_ISA_USAGE = YES_ERROR;
				CLANG_WARN_DOCUMENTATION_COMMENTS = YES;
				CLANG_WARN_EMPTY_BODY = YES;
				CLANG_WARN_ENUM_CONVERSION = YES;
				CLANG_WARN_INFINITE_RECURSION = YES;
				CLANG_WARN_INT_CONVERSION = YES;
				CLANG_WARN_NON_LITERAL_NULL_CONVERSION = YES;
				CLANG_WARN_OBJC_IMPLICIT_RETAIN_SELF = YES;
				CLANG_WARN_OBJC_LITERAL_CONVERSION = YES;
				CLANG_WARN_OBJC_ROOT_CLASS = YES_ERROR;
				CLANG_WARN_QUOTED_INCLUDE_IN_FRAMEWORK_HEADER = YES;
				CLANG_WARN_RANGE_LOOP_ANALYSIS = YES;
				CLANG_WARN_STRICT_PROTOTYPES = YES;
				CLANG_WARN_SUSPICIOUS_MOVE = YES;
				CLANG_WARN_UNGUARDED_AVAILABILITY = YES_AGGRESSIVE;
				CLANG_WARN_UNREACHABLE_CODE = YES;
				CLANG_WARN__DUPLICATE_METHOD_MATCH = YES;
				COPY_PHASE_STRIP = NO;
				DEBUG_INFORMATION_FORMAT = dwarf;
				ENABLE_STRICT_OBJC_MSGSEND = YES;
				ENABLE_TESTABILITY = YES;
				ENABLE_USER_SCRIPT_SANDBOXING = YES;
				GCC_C_LANGUAGE_STANDARD = gnu17;
				GCC_DYNAMIC_NO_PIC = NO;
				GCC_NO_COMMON_BLOCKS = YES;
				GCC_OPTIMIZATION_LEVEL = 0;
				GCC_PREPROCESSOR_DEFINITIONS = (
					"DEBUG=1",
					"$(inherited)",
				);
				GCC_WARN_64_TO_32_BIT_CONVERSION = YES;
				GCC_WARN_ABOUT_RETURN_TYPE = YES_ERROR;
				GCC_WARN_UNDECLARED_SELECTOR = YES;
				GCC_WARN_UNINITIALIZED_AUTOS = YES_AGGRESSIVE;
				GCC_WARN_UNUSED_FUNCTION = YES;
				GCC_WARN_UNUSED_VARIABLE = YES;
				LOCALIZATION_PREFERS_STRING_CATALOGS = YES;
				MTL_ENABLE_DEBUG_INFO = INCLUDE_SOURCE;
				MTL_FAST_MATH = YES;
				ONLY_ACTIVE_ARCH = YES;
				SWIFT_ACTIVE_COMPILATION_CONDITIONS = "DEBUG $(inherited)";
				SWIFT_OPTIMIZATION_LEVEL = "-Onone";
			};
			name = Debug;
		};
		44D824DC2E90DF5F00F32F4F /* Release */ = {
			isa = XCBuildConfiguration;
			buildSettings = {
				ALWAYS_SEARCH_USER_PATHS = NO;
				ASSETCATALOG_COMPILER_GENERATE_SWIFT_ASSET_SYMBOL_EXTENSIONS = YES;
				CLANG_ANALYZER_NONNULL = YES;
				CLANG_ANALYZER_NUMBER_OBJECT_CONVERSION = YES_AGGRESSIVE;
				CLANG_CXX_LANGUAGE_STANDARD = "gnu++20";
				CLANG_ENABLE_MODULES = YES;
				CLANG_ENABLE_OBJC_ARC = YES;
				CLANG_ENABLE_OBJC_WEAK = YES;
				CLANG_WARN_BLOCK_CAPTURE_AUTORELEASING = YES;
				CLANG_WARN_BOOL_CONVERSION = YES;
				CLANG_WARN_COMMA = YES;
				CLANG_WARN_CONSTANT_CONVERSION = YES;
				CLANG_WARN_DEPRECATED_OBJC_IMPLEMENTATIONS = YES;
				CLANG_WARN_DIRECT_OBJC_ISA_USAGE = YES_ERROR;
				CLANG_WARN_DOCUMENTATION_COMMENTS = YES;
				CLANG_WARN_EMPTY_BODY = YES;
				CLANG_WARN_ENUM_CONVERSION = YES;
				CLANG_WARN_INFINITE_RECURSION = YES;
				CLANG_WARN_INT_CONVERSION = YES;
				CLANG_WARN_NON_LITERAL_NULL_CONVERSION = YES;
				CLANG_WARN_OBJC_IMPLICIT_RETAIN_SELF = YES;
				CLANG_WARN_OBJC_LITERAL_CONVERSION = YES;
				CLANG_WARN_OBJC_ROOT_CLASS = YES_ERROR;
				CLANG_WARN_QUOTED_INCLUDE_IN_FRAMEWORK_HEADER = YES;
				CLANG_WARN_RANGE_LOOP_ANALYSIS = YES;
				CLANG_WARN_STRICT_PROTOTYPES = YES;
				CLANG_WARN_SUSPICIOUS_MOVE = YES;
				CLANG_WARN_UNGUARDED_AVAILABILITY = YES_AGGRESSIVE;
				CLANG_WARN_UNREACHABLE_CODE = YES;
				CLANG_WARN__DUPLICATE_METHOD_MATCH = YES;
				COPY_PHASE_STRIP = NO;
				DEBUG_INFORMATION_FORMAT = "dwarf-with-dsym";
				ENABLE_NS_ASSERTIONS = NO;
				ENABLE_STRICT_OBJC_MSGSEND = YES;
				ENABLE_USER_SCRIPT_SANDBOXING = YES;
				GCC_C_LANGUAGE_STANDARD = gnu17;
				GCC_NO_COMMON_BLOCKS = YES;
				GCC_WARN_64_TO_32_BIT_CONVERSION = YES;
				GCC_WARN_ABOUT_RETURN_TYPE = YES_ERROR;
				GCC_WARN_UNDECLARED_SELECTOR = YES;
				GCC_WARN_UNINITIALIZED_AUTOS = YES_AGGRESSIVE;
				GCC_WARN_UNUSED_FUNCTION = YES;
				GCC_WARN_UNUSED_VARIABLE = YES;
				LOCALIZATION_PREFERS_STRING_CATALOGS = YES;
				MTL_ENABLE_DEBUG_INFO = NO;
				MTL_FAST_MATH = YES;
				SWIFT_COMPILATION_MODE = wholemodule;
			};
			name = Release;
		};
		44D824DE2E90DF5F00F32F4F /* Debug */ = {
			isa = XCBuildConfiguration;
			buildSettings = {
				CODE_SIGN_ENTITLEMENTS = "Abracademic Extension (iOS).entitlements";
				CODE_SIGN_STYLE = Automatic;
				CURRENT_PROJECT_VERSION = 2;
				DEVELOPMENT_TEAM = HK6R36PLNR;
				GENERATE_INFOPLIST_FILE = YES;
				INFOPLIST_FILE = "iOS (Extension)/Info.plist";
				INFOPLIST_KEY_CFBundleDisplayName = "Abracademic Extension";
				INFOPLIST_KEY_NSHumanReadableCopyright = "";
				IPHONEOS_DEPLOYMENT_TARGET = 15.0;
				LD_RUNPATH_SEARCH_PATHS = (
					"$(inherited)",
					"@executable_path/Frameworks",
					"@executable_path/../../Frameworks",
				);
				MARKETING_VERSION = 1.0.5;
				OTHER_LDFLAGS = (
					"-framework",
					SafariServices,
				);
				PRODUCT_BUNDLE_IDENTIFIER = "com.cornelius-bell.Abracademic.Extension";
				PRODUCT_NAME = "Abracademic Extension";
				SDKROOT = iphoneos;
				SKIP_INSTALL = YES;
				STRING_CATALOG_GENERATE_SYMBOLS = YES;
				SWIFT_APPROACHABLE_CONCURRENCY = YES;
				SWIFT_EMIT_LOC_STRINGS = YES;
				SWIFT_UPCOMING_FEATURE_MEMBER_IMPORT_VISIBILITY = YES;
				SWIFT_VERSION = 5.0;
				TARGETED_DEVICE_FAMILY = "1,2";
			};
			name = Debug;
		};
		44D824DF2E90DF5F00F32F4F /* Release */ = {
			isa = XCBuildConfiguration;
			buildSettings = {
				CODE_SIGN_ENTITLEMENTS = "Abracademic Extension (iOS).entitlements";
				CODE_SIGN_STYLE = Automatic;
				CURRENT_PROJECT_VERSION = 2;
				DEVELOPMENT_TEAM = HK6R36PLNR;
				GENERATE_INFOPLIST_FILE = YES;
				INFOPLIST_FILE = "iOS (Extension)/Info.plist";
				INFOPLIST_KEY_CFBundleDisplayName = "Abracademic Extension";
				INFOPLIST_KEY_NSHumanReadableCopyright = "";
				IPHONEOS_DEPLOYMENT_TARGET = 15.0;
				LD_RUNPATH_SEARCH_PATHS = (
					"$(inherited)",
					"@executable_path/Frameworks",
					"@executable_path/../../Frameworks",
				);
				MARKETING_VERSION = 1.0.5;
				OTHER_LDFLAGS = (
					"-framework",
					SafariServices,
				);
				PRODUCT_BUNDLE_IDENTIFIER = "com.cornelius-bell.Abracademic.Extension";
				PRODUCT_NAME = "Abracademic Extension";
				SDKROOT = iphoneos;
				SKIP_INSTALL = YES;
				STRING_CATALOG_GENERATE_SYMBOLS = YES;
				SWIFT_APPROACHABLE_CONCURRENCY = YES;
				SWIFT_EMIT_LOC_STRINGS = YES;
				SWIFT_UPCOMING_FEATURE_MEMBER_IMPORT_VISIBILITY = YES;
				SWIFT_VERSION = 5.0;
				TARGETED_DEVICE_FAMILY = "1,2";
				VALIDATE_PRODUCT = YES;
			};
			name = Release;
		};
		44D824E22E90DF5F00F32F4F /* Debug */ = {
			isa = XCBuildConfiguration;
			buildSettings = {
				ASSETCATALOG_COMPILER_APPICON_NAME = AppIcon;
				ASSETCATALOG_COMPILER_GLOBAL_ACCENT_COLOR_NAME = AccentColor;
				CODE_SIGN_ENTITLEMENTS = "Abracademic (iOS).entitlements";
				CODE_SIGN_STYLE = Automatic;
				CURRENT_PROJECT_VERSION = 2;
				DEVELOPMENT_TEAM = HK6R36PLNR;
				GENERATE_INFOPLIST_FILE = YES;
				INFOPLIST_FILE = "iOS (App)/Info.plist";
				INFOPLIST_KEY_CFBundleDisplayName = Abracademic;
				INFOPLIST_KEY_UIApplicationSupportsIndirectInputEvents = YES;
				INFOPLIST_KEY_UILaunchStoryboardName = LaunchScreen;
				INFOPLIST_KEY_UIMainStoryboardFile = Main;
				INFOPLIST_KEY_UISupportedInterfaceOrientations = "UIInterfaceOrientationPortrait UIInterfaceOrientationLandscapeLeft UIInterfaceOrientationLandscapeRight";
				INFOPLIST_KEY_UISupportedInterfaceOrientations_iPad = "UIInterfaceOrientationPortrait UIInterfaceOrientationPortraitUpsideDown UIInterfaceOrientationLandscapeLeft UIInterfaceOrientationLandscapeRight";
				IPHONEOS_DEPLOYMENT_TARGET = 15.0;
				LD_RUNPATH_SEARCH_PATHS = (
					"$(inherited)",
					"@executable_path/Frameworks",
				);
				MARKETING_VERSION = 1.0.5;
				OTHER_LDFLAGS = (
					"-framework",
					SafariServices,
					"-framework",
					WebKit,
				);
				PRODUCT_BUNDLE_IDENTIFIER = "com.cornelius-bell.Abracademic";
				PRODUCT_NAME = Abracademic;
				SDKROOT = iphoneos;
				STRING_CATALOG_GENERATE_SYMBOLS = YES;
				SWIFT_APPROACHABLE_CONCURRENCY = YES;
				SWIFT_DEFAULT_ACTOR_ISOLATION = MainActor;
				SWIFT_EMIT_LOC_STRINGS = YES;
				SWIFT_UPCOMING_FEATURE_MEMBER_IMPORT_VISIBILITY = YES;
				SWIFT_VERSION = 5.0;
				TARGETED_DEVICE_FAMILY = "1,2";
			};
			name = Debug;
		};
		44D824E32E90DF5F00F32F4F /* Release */ = {
			isa = XCBuildConfiguration;
			buildSettings = {
				ASSETCATALOG_COMPILER_APPICON_NAME = AppIcon;
				ASSETCATALOG_COMPILER_GLOBAL_ACCENT_COLOR_NAME = AccentColor;
				CODE_SIGN_ENTITLEMENTS = "Abracademic (iOS).entitlements";
				CODE_SIGN_STYLE = Automatic;
				CURRENT_PROJECT_VERSION = 2;
				DEVELOPMENT_TEAM = HK6R36PLNR;
				GENERATE_INFOPLIST_FILE = YES;
				INFOPLIST_FILE = "iOS (App)/Info.plist";
				INFOPLIST_KEY_CFBundleDisplayName = Abracademic;
				INFOPLIST_KEY_UIApplicationSupportsIndirectInputEvents = YES;
				INFOPLIST_KEY_UILaunchStoryboardName = LaunchScreen;
				INFOPLIST_KEY_UIMainStoryboardFile = Main;
				INFOPLIST_KEY_UISupportedInterfaceOrientations = "UIInterfaceOrientationPortrait UIInterfaceOrientationLandscapeLeft UIInterfaceOrientationLandscapeRight";
				INFOPLIST_KEY_UISupportedInterfaceOrientations_iPad = "UIInterfaceOrientationPortrait UIInterfaceOrientationPortraitUpsideDown UIInterfaceOrientationLandscapeLeft UIInterfaceOrientationLandscapeRight";
				IPHONEOS_DEPLOYMENT_TARGET = 15.0;
				LD_RUNPATH_SEARCH_PATHS = (
					"$(inherited)",
					"@executable_path/Frameworks",
				);
				MARKETING_VERSION = 1.0.5;
				OTHER_LDFLAGS = (
					"-framework",
					SafariServices,
					"-framework",
					WebKit,
				);
				PRODUCT_BUNDLE_IDENTIFIER = "com.cornelius-bell.Abracademic";
				PRODUCT_NAME = Abracademic;
				SDKROOT = iphoneos;
				STRING_CATALOG_GENERATE_SYMBOLS = YES;
				SWIFT_APPROACHABLE_CONCURRENCY = YES;
				SWIFT_DEFAULT_ACTOR_ISOLATION = MainActor;
				SWIFT_EMIT_LOC_STRINGS = YES;
				SWIFT_UPCOMING_FEATURE_MEMBER_IMPORT_VISIBILITY = YES;
				SWIFT_VERSION = 5.0;
				TARGETED_DEVICE_FAMILY = "1,2";
				VALIDATE_PRODUCT = YES;
			};
			name = Release;
		};
		44D824E52E90DF5F00F32F4F /* Debug */ = {
			isa = XCBuildConfiguration;
			buildSettings = {
				CODE_SIGN_ENTITLEMENTS = "Abracademic Extension (macOS).entitlements";
				CODE_SIGN_STYLE = Automatic;
				CURRENT_PROJECT_VERSION = 2;
				DEVELOPMENT_TEAM = HK6R36PLNR;
				ENABLE_APP_SANDBOX = YES;
				ENABLE_HARDENED_RUNTIME = YES;
				ENABLE_USER_SELECTED_FILES = readonly;
				GENERATE_INFOPLIST_FILE = YES;
				INFOPLIST_FILE = "macOS (Extension)/Info.plist";
				INFOPLIST_KEY_CFBundleDisplayName = "Abracademic Extension";
				INFOPLIST_KEY_NSHumanReadableCopyright = "";
				LD_RUNPATH_SEARCH_PATHS = (
					"$(inherited)",
					"@executable_path/../Frameworks",
					"@executable_path/../../../../Frameworks",
				);
				MACOSX_DEPLOYMENT_TARGET = 10.14;
				MARKETING_VERSION = 1.0.5;
				OTHER_LDFLAGS = (
					"-framework",
					SafariServices,
				);
				PRODUCT_BUNDLE_IDENTIFIER = "com.cornelius-bell.Abracademic.Extension";
				PRODUCT_NAME = "Abracademic Extension";
				REGISTER_APP_GROUPS = YES;
				SDKROOT = macosx;
				SKIP_INSTALL = YES;
				STRING_CATALOG_GENERATE_SYMBOLS = YES;
				SWIFT_APPROACHABLE_CONCURRENCY = YES;
				SWIFT_EMIT_LOC_STRINGS = YES;
				SWIFT_UPCOMING_FEATURE_MEMBER_IMPORT_VISIBILITY = YES;
				SWIFT_VERSION = 5.0;
			};
			name = Debug;
		};
		44D824E62E90DF5F00F32F4F /* Release */ = {
			isa = XCBuildConfiguration;
			buildSettings = {
				CODE_SIGN_ENTITLEMENTS = "Abracademic Extension (macOS).entitlements";
				CODE_SIGN_STYLE = Automatic;
				CURRENT_PROJECT_VERSION = 2;
				DEVELOPMENT_TEAM = HK6R36PLNR;
				ENABLE_APP_SANDBOX = YES;
				ENABLE_HARDENED_RUNTIME = YES;
				ENABLE_USER_SELECTED_FILES = readonly;
				GENERATE_INFOPLIST_FILE = YES;
				INFOPLIST_FILE = "macOS (Extension)/Info.plist";
				INFOPLIST_KEY_CFBundleDisplayName = "Abracademic Extension";
				INFOPLIST_KEY_NSHumanReadableCopyright = "";
				LD_RUNPATH_SEARCH_PATHS = (
					"$(inherited)",
					"@executable_path/../Frameworks",
					"@executable_path/../../../../Frameworks",
				);
				MACOSX_DEPLOYMENT_TARGET = 10.14;
				MARKETING_VERSION = 1.0.5;
				OTHER_LDFLAGS = (
					"-framework",
					SafariServices,
				);
				PRODUCT_BUNDLE_IDENTIFIER = "com.cornelius-bell.Abracademic.Extension";
				PRODUCT_NAME = "Abracademic Extension";
				REGISTER_APP_GROUPS = YES;
				SDKROOT = macosx;
				SKIP_INSTALL = YES;
				STRING_CATALOG_GENERATE_SYMBOLS = YES;
				SWIFT_APPROACHABLE_CONCURRENCY = YES;
				SWIFT_EMIT_LOC_STRINGS = YES;
				SWIFT_UPCOMING_FEATURE_MEMBER_IMPORT_VISIBILITY = YES;
				SWIFT_VERSION = 5.0;
			};
			name = Release;
		};
		44D824E92E90DF5F00F32F4F /* Debug */ = {
			isa = XCBuildConfiguration;
			buildSettings = {
				ASSETCATALOG_COMPILER_APPICON_NAME = AppIcon;
				ASSETCATALOG_COMPILER_GLOBAL_ACCENT_COLOR_NAME = AccentColor;
				CODE_SIGN_ENTITLEMENTS = "Abracademic (macOS).entitlements";
				CODE_SIGN_STYLE = Automatic;
				CURRENT_PROJECT_VERSION = 2;
				DEVELOPMENT_TEAM = HK6R36PLNR;
				ENABLE_APP_SANDBOX = YES;
				ENABLE_HARDENED_RUNTIME = YES;
				ENABLE_OUTGOING_NETWORK_CONNECTIONS = YES;
				ENABLE_USER_SELECTED_FILES = readonly;
				GENERATE_INFOPLIST_FILE = YES;
				INFOPLIST_FILE = "macOS (App)/Info.plist";
				INFOPLIST_KEY_CFBundleDisplayName = Abracademic;
				INFOPLIST_KEY_NSMainStoryboardFile = Main;
				INFOPLIST_KEY_NSPrincipalClass = NSApplication;
				LD_RUNPATH_SEARCH_PATHS = (
					"$(inherited)",
					"@executable_path/../Frameworks",
				);
				MACOSX_DEPLOYMENT_TARGET = 10.14;
				MARKETING_VERSION = 1.0.5;
				OTHER_LDFLAGS = (
					"-framework",
					SafariServices,
					"-framework",
					WebKit,
				);
				PRODUCT_BUNDLE_IDENTIFIER = "com.cornelius-bell.Abracademic";
				PRODUCT_NAME = Abracademic;
				REGISTER_APP_GROUPS = YES;
				SDKROOT = macosx;
				STRING_CATALOG_GENERATE_SYMBOLS = YES;
				SWIFT_APPROACHABLE_CONCURRENCY = YES;
				SWIFT_DEFAULT_ACTOR_ISOLATION = MainActor;
				SWIFT_EMIT_LOC_STRINGS = YES;
				SWIFT_UPCOMING_FEATURE_MEMBER_IMPORT_VISIBILITY = YES;
				SWIFT_VERSION = 5.0;
			};
			name = Debug;
		};
		44D824EA2E90DF5F00F32F4F /* Release */ = {
			isa = XCBuildConfiguration;
			buildSettings = {
				ASSETCATALOG_COMPILER_APPICON_NAME = AppIcon;
				ASSETCATALOG_COMPILER_GLOBAL_ACCENT_COLOR_NAME = AccentColor;
				CODE_SIGN_ENTITLEMENTS = "Abracademic (macOS).entitlements";
				CODE_SIGN_STYLE = Automatic;
				CURRENT_PROJECT_VERSION = 2;
				DEVELOPMENT_TEAM = HK6R36PLNR;
				ENABLE_APP_SANDBOX = YES;
				ENABLE_HARDENED_RUNTIME = YES;
				ENABLE_OUTGOING_NETWORK_CONNECTIONS = YES;
				ENABLE_USER_SELECTED_FILES = readonly;
				GENERATE_INFOPLIST_FILE = YES;
				INFOPLIST_FILE = "macOS (App)/Info.plist";
				INFOPLIST_KEY_CFBundleDisplayName = Abracademic;
				INFOPLIST_KEY_NSMainStoryboardFile = Main;
				INFOPLIST_KEY_NSPrincipalClass = NSApplication;
				LD_RUNPATH_SEARCH_PATHS = (
					"$(inherited)",
					"@executable_path/../Frameworks",
				);
				MACOSX_DEPLOYMENT_TARGET = 10.14;
				MARKETING_VERSION = 1.0.5;
				OTHER_LDFLAGS = (
					"-framework",
					SafariServices,
					"-framework",
					WebKit,
				);
				PRODUCT_BUNDLE_IDENTIFIER = "com.cornelius-bell.Abracademic";
				PRODUCT_NAME = Abracademic;
				REGISTER_APP_GROUPS = YES;
				SDKROOT = macosx;
				STRING_CATALOG_GENERATE_SYMBOLS = YES;
				SWIFT_APPROACHABLE_CONCURRENCY = YES;
				SWIFT_DEFAULT_ACTOR_ISOLATION = MainActor;
				SWIFT_EMIT_LOC_STRINGS = YES;
				SWIFT_UPCOMING_FEATURE_MEMBER_IMPORT_VISIBILITY = YES;
				SWIFT_VERSION = 5.0;
			};
			name = Release;
		};
/* End XCBuildConfiguration section */

/* Begin XCConfigurationList section */
		44D8248F2E90DF5F00F32F4F /* Build configuration list for PBXProject "Abracademic" */ = {
			isa = XCConfigurationList;
			buildConfigurations = (
				44D824DB2E90DF5F00F32F4F /* Debug */,
				44D824DC2E90DF5F00F32F4F /* Release */,
			);
			defaultConfigurationIsVisible = 0;
			defaultConfigurationName = Release;
		};
		44D824DD2E90DF5F00F32F4F /* Build configuration list for PBXNativeTarget "Abracademic Extension (iOS)" */ = {
			isa = XCConfigurationList;
			buildConfigurations = (
				44D824DE2E90DF5F00F32F4F /* Debug */,
				44D824DF2E90DF5F00F32F4F /* Release */,
			);
			defaultConfigurationIsVisible = 0;
			defaultConfigurationName = Release;
		};
		44D824E12E90DF5F00F32F4F /* Build configuration list for PBXNativeTarget "Abracademic (iOS)" */ = {
			isa = XCConfigurationList;
			buildConfigurations = (
				44D824E22E90DF5F00F32F4F /* Debug */,
				44D824E32E90DF5F00F32F4F /* Release */,
			);
			defaultConfigurationIsVisible = 0;
			defaultConfigurationName = Release;
		};
		44D824E42E90DF5F00F32F4F /* Build configuration list for PBXNativeTarget "Abracademic Extension (macOS)" */ = {
			isa = XCConfigurationList;
			buildConfigurations = (
				44D824E52E90DF5F00F32F4F /* Debug */,
				44D824E62E90DF5F00F32F4F /* Release */,
			);
			defaultConfigurationIsVisible = 0;
			defaultConfigurationName = Release;
		};
		44D824E82E90DF5F00F32F4F /* Build configuration list for PBXNativeTarget "Abracademic (macOS)" */ = {
			isa = XCConfigurationList;
			buildConfigurations = (
				44D824E92E90DF5F00F32F4F /* Debug */,
				44D824EA2E90DF5F00F32F4F /* Release */,
			);
			defaultConfigurationIsVisible = 0;
			defaultConfigurationName = Release;
		};
/* End XCConfigurationList section */
	};
	rootObject = 44D8248C2E90DF5F00F32F4F /* Project object */;
}
